
Microsoft Visual Studio Solution File, Format Version 12.00
# Visual Studio Version 17
VisualStudioVersion = 17.4.33213.308
MinimumVisualStudioVersion = 10.0.40219.1
Project("{FAE04EC0-301F-11D3-BF4B-00C04F79EFBC}") = "ControllerExample", "ControllerExample\ControllerExample.csproj", "{2D817041-3B53-4920-8C14-56A95A16E207}"
EndProject
Global
	GlobalSection(SolutionConfigurationPlatforms) = preSolution
		Debug|Any CPU = Debug|Any CPU
		Release|Any CPU = Release|Any CPU
	EndGlobalSection
	GlobalSection(ProjectConfigurationPlatforms) = postSolution
		{2D817041-3B53-4920-8C14-56A95A16E207}.Debug|Any CPU.ActiveCfg = Debug|Any CPU
		{2D817041-3B53-4920-8C14-56A95A16E207}.Debug|Any CPU.Build.0 = Debug|Any CPU
		{2D817041-3B53-4920-8C14-56A95A16E207}.Release|Any CPU.ActiveCfg = Release|Any CPU
		{2D817041-3B53-4920-8C14-56A95A16E207}.Release|Any CPU.Build.0 = Release|Any CPU
	EndGlobalSection
	GlobalSection(SolutionProperties) = preSolution
		HideSolutionNode = FALSE
	EndGlobalSection
	GlobalSection(ExtensibilityGlobals) = postSolution
		SolutionGuid = {3D52B7DA-10DE-4BE5-A8D7-BCC0A7BB7271}
	EndGlobalSection
EndGlobal
