
Microsoft Visual Studio Solution File, Format Version 12.00
# Visual Studio Version 17
VisualStudioVersion = 17.4.33213.308
MinimumVisualStudioVersion = 10.0.40219.1
Project("{FAE04EC0-301F-11D3-BF4B-00C04F79EFBC}") = "ECommerceApplication", "ECommerceApplication\ECommerceApplication.csproj", "{D0DFADA1-DCEB-470D-B172-2292B13658D5}"
EndProject
Global
	GlobalSection(SolutionConfigurationPlatforms) = preSolution
		Debug|Any CPU = Debug|Any CPU
		Release|Any CPU = Release|Any CPU
	EndGlobalSection
	GlobalSection(ProjectConfigurationPlatforms) = postSolution
		{D0DFADA1-DCEB-470D-B172-2292B13658D5}.Debug|Any CPU.ActiveCfg = Debug|Any CPU
		{D0DFADA1-DCEB-470D-B172-2292B13658D5}.Debug|Any CPU.Build.0 = Debug|Any CPU
		{D0DFADA1-DCEB-470D-B172-2292B13658D5}.Release|Any CPU.ActiveCfg = Release|Any CPU
		{D0DFADA1-DCEB-470D-B172-2292B13658D5}.Release|Any CPU.Build.0 = Release|Any CPU
	EndGlobalSection
	GlobalSection(SolutionProperties) = preSolution
		HideSolutionNode = FALSE
	EndGlobalSection
	GlobalSection(ExtensibilityGlobals) = postSolution
		SolutionGuid = {8076E54C-BDCA-4EB6-9CB7-2DC07531E1AC}
	EndGlobalSection
EndGlobal
