
Microsoft Visual Studio Solution File, Format Version 12.00
# Visual Studio Version 17
VisualStudioVersion = 17.4.33213.308
MinimumVisualStudioVersion = 10.0.40219.1
Project("{FAE04EC0-301F-11D3-BF4B-00C04F79EFBC}") = "WeatherAppWithPartialView", "WeatherAppWithPartialView\WeatherAppWithPartialView.csproj", "{EB5E2668-2DDA-407D-83F3-292721350FBC}"
EndProject
Global
	GlobalSection(SolutionConfigurationPlatforms) = preSolution
		Debug|Any CPU = Debug|Any CPU
		Release|Any CPU = Release|Any CPU
	EndGlobalSection
	GlobalSection(ProjectConfigurationPlatforms) = postSolution
		{EB5E2668-2DDA-407D-83F3-292721350FBC}.Debug|Any CPU.ActiveCfg = Debug|Any CPU
		{EB5E2668-2DDA-407D-83F3-292721350FBC}.Debug|Any CPU.Build.0 = Debug|Any CPU
		{EB5E2668-2DDA-407D-83F3-292721350FBC}.Release|Any CPU.ActiveCfg = Release|Any CPU
		{EB5E2668-2DDA-407D-83F3-292721350FBC}.Release|Any CPU.Build.0 = Release|Any CPU
	EndGlobalSection
	GlobalSection(SolutionProperties) = preSolution
		HideSolutionNode = FALSE
	EndGlobalSection
	GlobalSection(ExtensibilityGlobals) = postSolution
		SolutionGuid = {6B3F48B0-4D62-42DE-B1E6-E2CF84F76790}
	EndGlobalSection
EndGlobal
